
Microsoft Visual Studio Solution File, Format Version 12.00
# Visual Studio Version 17
VisualStudioVersion = 17.0.31903.59
MinimumVisualStudioVersion = 10.0.40219.1
Project("{FAE04EC0-301F-11D3-BF4B-00C04F79EFBC}") = "CLIMapper", "CLIMapper\CLIMapper.csproj", "{75EFB7B0-FFC0-4388-B40B-BD9D7A832E21}"
EndProject
Project("{FAE04EC0-301F-11D3-BF4B-00C04F79EFBC}") = "CLIMapper.Test", "CLIMapper.Test\CLIMapper.Test.csproj", "{DA4F1EB3-18CF-43E1-9D5F-935A7BA7F904}"
EndProject
Global
	GlobalSection(SolutionConfigurationPlatforms) = preSolution
		Debug|Any CPU = Debug|Any CPU
		Release|Any CPU = Release|Any CPU
	EndGlobalSection
	GlobalSection(SolutionProperties) = preSolution
		HideSolutionNode = FALSE
	EndGlobalSection
	GlobalSection(ProjectConfigurationPlatforms) = postSolution
		{75EFB7B0-FFC0-4388-B40B-BD9D7A832E21}.Debug|Any CPU.ActiveCfg = Debug|Any CPU
		{75EFB7B0-FFC0-4388-B40B-BD9D7A832E21}.Debug|Any CPU.Build.0 = Debug|Any CPU
		{75EFB7B0-FFC0-4388-B40B-BD9D7A832E21}.Release|Any CPU.ActiveCfg = Release|Any CPU
		{75EFB7B0-FFC0-4388-B40B-BD9D7A832E21}.Release|Any CPU.Build.0 = Release|Any CPU
		{DA4F1EB3-18CF-43E1-9D5F-935A7BA7F904}.Debug|Any CPU.ActiveCfg = Debug|Any CPU
		{DA4F1EB3-18CF-43E1-9D5F-935A7BA7F904}.Debug|Any CPU.Build.0 = Debug|Any CPU
		{DA4F1EB3-18CF-43E1-9D5F-935A7BA7F904}.Release|Any CPU.ActiveCfg = Release|Any CPU
		{DA4F1EB3-18CF-43E1-9D5F-935A7BA7F904}.Release|Any CPU.Build.0 = Release|Any CPU
	EndGlobalSection
EndGlobal
